
Microsoft Visual Studio Solution File, Format Version 12.00
# Visual Studio Version 17
VisualStudioVersion = 17.5.002.0
MinimumVisualStudioVersion = 10.0.40219.1
Project("{2150E333-8FDC-42A3-9474-1A3956D46DE8}") = "app", "app", "{8D2761AC-5B91-44E3-8D8B-13057A140599}"
EndProject
Project("{2150E333-8FDC-42A3-9474-1A3956D46DE8}") = "Torneo.App", "Torneo.App", "{8440A5BE-A3DB-49AC-A2AA-3723EC2730D7}"
EndProject
Project("{9A19103F-16F7-4668-BE54-9A1E7A4F7556}") = "Torneo.App.Consola", "app\Torneo.App\Torneo.App.Consola\Torneo.App.Consola.csproj", "{DBA9F65B-5C26-4ABC-ADB2-CF2476A708A7}"
EndProject
Project("{9A19103F-16F7-4668-BE54-9A1E7A4F7556}") = "Torneo.App.Dominio", "app\Torneo.App\Torneo.App.Dominio\Torneo.App.Dominio.csproj", "{DC9F999D-224F-42AE-A08D-B39921C04EF2}"
EndProject
Project("{9A19103F-16F7-4668-BE54-9A1E7A4F7556}") = "Torneo.App.Frontend", "app\Torneo.App\Torneo.App.Frontend\Torneo.App.Frontend.csproj", "{1F4B8507-6394-41F3-AA03-F9AF644C2D65}"
EndProject
Project("{9A19103F-16F7-4668-BE54-9A1E7A4F7556}") = "Torneo.App.Persistencia", "app\Torneo.App\Torneo.App.Persistencia\Torneo.App.Persistencia.csproj", "{BACEE4F7-341A-403E-B295-D0C864DE5456}"
EndProject
Global
	GlobalSection(SolutionConfigurationPlatforms) = preSolution
		Debug|Any CPU = Debug|Any CPU
		Release|Any CPU = Release|Any CPU
	EndGlobalSection
	GlobalSection(ProjectConfigurationPlatforms) = postSolution
		{DBA9F65B-5C26-4ABC-ADB2-CF2476A708A7}.Debug|Any CPU.ActiveCfg = Debug|Any CPU
		{DBA9F65B-5C26-4ABC-ADB2-CF2476A708A7}.Debug|Any CPU.Build.0 = Debug|Any CPU
		{DBA9F65B-5C26-4ABC-ADB2-CF2476A708A7}.Release|Any CPU.ActiveCfg = Release|Any CPU
		{DBA9F65B-5C26-4ABC-ADB2-CF2476A708A7}.Release|Any CPU.Build.0 = Release|Any CPU
		{DC9F999D-224F-42AE-A08D-B39921C04EF2}.Debug|Any CPU.ActiveCfg = Debug|Any CPU
		{DC9F999D-224F-42AE-A08D-B39921C04EF2}.Debug|Any CPU.Build.0 = Debug|Any CPU
		{DC9F999D-224F-42AE-A08D-B39921C04EF2}.Release|Any CPU.ActiveCfg = Release|Any CPU
		{DC9F999D-224F-42AE-A08D-B39921C04EF2}.Release|Any CPU.Build.0 = Release|Any CPU
		{1F4B8507-6394-41F3-AA03-F9AF644C2D65}.Debug|Any CPU.ActiveCfg = Debug|Any CPU
		{1F4B8507-6394-41F3-AA03-F9AF644C2D65}.Debug|Any CPU.Build.0 = Debug|Any CPU
		{1F4B8507-6394-41F3-AA03-F9AF644C2D65}.Release|Any CPU.ActiveCfg = Release|Any CPU
		{1F4B8507-6394-41F3-AA03-F9AF644C2D65}.Release|Any CPU.Build.0 = Release|Any CPU
		{BACEE4F7-341A-403E-B295-D0C864DE5456}.Debug|Any CPU.ActiveCfg = Debug|Any CPU
		{BACEE4F7-341A-403E-B295-D0C864DE5456}.Debug|Any CPU.Build.0 = Debug|Any CPU
		{BACEE4F7-341A-403E-B295-D0C864DE5456}.Release|Any CPU.ActiveCfg = Release|Any CPU
		{BACEE4F7-341A-403E-B295-D0C864DE5456}.Release|Any CPU.Build.0 = Release|Any CPU
	EndGlobalSection
	GlobalSection(SolutionProperties) = preSolution
		HideSolutionNode = FALSE
	EndGlobalSection
	GlobalSection(NestedProjects) = preSolution
		{8440A5BE-A3DB-49AC-A2AA-3723EC2730D7} = {8D2761AC-5B91-44E3-8D8B-13057A140599}
		{DBA9F65B-5C26-4ABC-ADB2-CF2476A708A7} = {8440A5BE-A3DB-49AC-A2AA-3723EC2730D7}
		{DC9F999D-224F-42AE-A08D-B39921C04EF2} = {8440A5BE-A3DB-49AC-A2AA-3723EC2730D7}
		{1F4B8507-6394-41F3-AA03-F9AF644C2D65} = {8440A5BE-A3DB-49AC-A2AA-3723EC2730D7}
		{BACEE4F7-341A-403E-B295-D0C864DE5456} = {8440A5BE-A3DB-49AC-A2AA-3723EC2730D7}
	EndGlobalSection
	GlobalSection(ExtensibilityGlobals) = postSolution
		SolutionGuid = {18369EE2-48C8-4913-B81B-C9156773AD6E}
	EndGlobalSection
EndGlobal
