
Microsoft Visual Studio Solution File, Format Version 12.00
# Visual Studio Version 16
VisualStudioVersion = 16.0.30114.105
MinimumVisualStudioVersion = 10.0.40219.1
Project("{FAE04EC0-301F-11D3-BF4B-00C04F79EFBC}") = "Torneo.App.Frontend", "Torneo.App.Frontend\Torneo.App.Frontend.csproj", "{5AF29B44-FD85-4845-B9A6-B360C5F79346}"
EndProject
Project("{FAE04EC0-301F-11D3-BF4B-00C04F79EFBC}") = "Torneo.App.Dominio", "Torneo.App.Dominio\Torneo.App.Dominio.csproj", "{F7856BA1-E6F1-4AC7-A241-C77E92FB64D9}"
EndProject
Project("{FAE04EC0-301F-11D3-BF4B-00C04F79EFBC}") = "Torneo.App.Persistencia", "Torneo.App.Persistencia\Torneo.App.Persistencia.csproj", "{CA1D3B5C-A75D-494E-8AAD-94E14A001D54}"
EndProject
Global
	GlobalSection(SolutionConfigurationPlatforms) = preSolution
		Debug|Any CPU = Debug|Any CPU
		Release|Any CPU = Release|Any CPU
	EndGlobalSection
	GlobalSection(SolutionProperties) = preSolution
		HideSolutionNode = FALSE
	EndGlobalSection
	GlobalSection(ProjectConfigurationPlatforms) = postSolution
		{5AF29B44-FD85-4845-B9A6-B360C5F79346}.Debug|Any CPU.ActiveCfg = Debug|Any CPU
		{5AF29B44-FD85-4845-B9A6-B360C5F79346}.Debug|Any CPU.Build.0 = Debug|Any CPU
		{5AF29B44-FD85-4845-B9A6-B360C5F79346}.Release|Any CPU.ActiveCfg = Release|Any CPU
		{5AF29B44-FD85-4845-B9A6-B360C5F79346}.Release|Any CPU.Build.0 = Release|Any CPU
		{F7856BA1-E6F1-4AC7-A241-C77E92FB64D9}.Debug|Any CPU.ActiveCfg = Debug|Any CPU
		{F7856BA1-E6F1-4AC7-A241-C77E92FB64D9}.Debug|Any CPU.Build.0 = Debug|Any CPU
		{F7856BA1-E6F1-4AC7-A241-C77E92FB64D9}.Release|Any CPU.ActiveCfg = Release|Any CPU
		{F7856BA1-E6F1-4AC7-A241-C77E92FB64D9}.Release|Any CPU.Build.0 = Release|Any CPU
		{CA1D3B5C-A75D-494E-8AAD-94E14A001D54}.Debug|Any CPU.ActiveCfg = Debug|Any CPU
		{CA1D3B5C-A75D-494E-8AAD-94E14A001D54}.Debug|Any CPU.Build.0 = Debug|Any CPU
		{CA1D3B5C-A75D-494E-8AAD-94E14A001D54}.Release|Any CPU.ActiveCfg = Release|Any CPU
		{CA1D3B5C-A75D-494E-8AAD-94E14A001D54}.Release|Any CPU.Build.0 = Release|Any CPU
	EndGlobalSection
EndGlobal
